// !$*UTF8*$!
{
	archiveVersion = 1;
	classes = {
	};
	objectVersion = 56;
	objects = {

/* Begin PBXBuildFile section */
		CFA97A482A08249500C057C4 /* UIPinField.docc in Sources */ = {isa = PBXBuildFile; fileRef = CFA97A472A08249500C057C4 /* UIPinField.docc */; };
		CFA97A512A08252100C057C4 /* UIKit.framework in Frameworks */ = {isa = PBXBuildFile; fileRef = CFA97A502A08252000C057C4 /* UIKit.framework */; };
		CFA97A532A08255000C057C4 /* UIPinField.swift in Sources */ = {isa = PBXBuildFile; fileRef = CFA97A522A08255000C057C4 /* UIPinField.swift */; };
		CFA97A552A08261F00C057C4 /* NSAttributedString+Size.swift in Sources */ = {isa = PBXBuildFile; fileRef = CFA97A542A08261F00C057C4 /* NSAttributedString+Size.swift */; };
		CFA97A5D2A08271F00C057C4 /* AppDelegate.swift in Sources */ = {isa = PBXBuildFile; fileRef = CFA97A5C2A08271F00C057C4 /* AppDelegate.swift */; };
		CFA97A5F2A08271F00C057C4 /* SceneDelegate.swift in Sources */ = {isa = PBXBuildFile; fileRef = CFA97A5E2A08271F00C057C4 /* SceneDelegate.swift */; };
		CFA97A612A08271F00C057C4 /* ViewController.swift in Sources */ = {isa = PBXBuildFile; fileRef = CFA97A602A08271F00C057C4 /* ViewController.swift */; };
		CFA97A662A08272100C057C4 /* Assets.xcassets in Resources */ = {isa = PBXBuildFile; fileRef = CFA97A652A08272100C057C4 /* Assets.xcassets */; };
		CFA97A692A08272100C057C4 /* LaunchScreen.storyboard in Resources */ = {isa = PBXBuildFile; fileRef = CFA97A672A08272100C057C4 /* LaunchScreen.storyboard */; };
		CFA97A742A08288800C057C4 /* UIPinField.h in Headers */ = {isa = PBXBuildFile; fileRef = CFA97A732A08288800C057C4 /* UIPinField.h */; };
/* End PBXBuildFile section */

/* Begin PBXContainerItemProxy section */
		CFA97A7A2A082D8C00C057C4 /* PBXContainerItemProxy */ = {
			isa = PBXContainerItemProxy;
			containerPortal = CFA97A3A2A08249500C057C4 /* Project object */;
			proxyType = 1;
			remoteGlobalIDString = CFA97A422A08249500C057C4;
			remoteInfo = UIPinField;
		};
/* End PBXContainerItemProxy section */

/* Begin PBXCopyFilesBuildPhase section */
		CFA97A792A082C6B00C057C4 /* Embed Frameworks */ = {
			isa = PBXCopyFilesBuildPhase;
			buildActionMask = 2147483647;
			dstPath = "";
			dstSubfolderSpec = 10;
			files = (
			);
			name = "Embed Frameworks";
			runOnlyForDeploymentPostprocessing = 0;
		};
/* End PBXCopyFilesBuildPhase section */

/* Begin PBXFileReference section */
		CFA97A432A08249500C057C4 /* UIPinField.framework */ = {isa = PBXFileReference; explicitFileType = wrapper.framework; includeInIndex = 0; name = UIPinField.framework; path = "/Users/alexanderdadukin/Documents/Projects/UIPinField/build/Debug-iphoneos/UIPinField.framework"; sourceTree = "<absolute>"; };
		CFA97A472A08249500C057C4 /* UIPinField.docc */ = {isa = PBXFileReference; lastKnownFileType = folder.documentationcatalog; path = UIPinField.docc; sourceTree = "<group>"; };
		CFA97A502A08252000C057C4 /* UIKit.framework */ = {isa = PBXFileReference; lastKnownFileType = wrapper.framework; name = UIKit.framework; path = Platforms/MacOSX.platform/Developer/SDKs/MacOSX13.3.sdk/System/iOSSupport/System/Library/Frameworks/UIKit.framework; sourceTree = DEVELOPER_DIR; };
		CFA97A522A08255000C057C4 /* UIPinField.swift */ = {isa = PBXFileReference; lastKnownFileType = sourcecode.swift; path = UIPinField.swift; sourceTree = "<group>"; };
		CFA97A542A08261F00C057C4 /* NSAttributedString+Size.swift */ = {isa = PBXFileReference; lastKnownFileType = sourcecode.swift; path = "NSAttributedString+Size.swift"; sourceTree = "<group>"; };
		CFA97A5A2A08271F00C057C4 /* SampleApp.app */ = {isa = PBXFileReference; explicitFileType = wrapper.application; includeInIndex = 0; name = SampleApp.app; path = "/Users/alexanderdadukin/Documents/Projects/UIPinField/build/Debug-iphoneos/SampleApp.app"; sourceTree = "<absolute>"; };
		CFA97A5C2A08271F00C057C4 /* AppDelegate.swift */ = {isa = PBXFileReference; lastKnownFileType = sourcecode.swift; path = AppDelegate.swift; sourceTree = "<group>"; };
		CFA97A5E2A08271F00C057C4 /* SceneDelegate.swift */ = {isa = PBXFileReference; lastKnownFileType = sourcecode.swift; path = SceneDelegate.swift; sourceTree = "<group>"; };
		CFA97A602A08271F00C057C4 /* ViewController.swift */ = {isa = PBXFileReference; lastKnownFileType = sourcecode.swift; path = ViewController.swift; sourceTree = "<group>"; };
		CFA97A652A08272100C057C4 /* Assets.xcassets */ = {isa = PBXFileReference; lastKnownFileType = folder.assetcatalog; path = Assets.xcassets; sourceTree = "<group>"; };
		CFA97A682A08272100C057C4 /* Base */ = {isa = PBXFileReference; lastKnownFileType = file.storyboard; name = Base; path = Base.lproj/LaunchScreen.storyboard; sourceTree = "<group>"; };
		CFA97A6A2A08272100C057C4 /* Info.plist */ = {isa = PBXFileReference; lastKnownFileType = text.plist.xml; path = Info.plist; sourceTree = "<group>"; };
		CFA97A732A08288800C057C4 /* UIPinField.h */ = {isa = PBXFileReference; fileEncoding = 4; lastKnownFileType = sourcecode.c.h; path = UIPinField.h; sourceTree = "<group>"; };
/* End PBXFileReference section */

/* Begin PBXFrameworksBuildPhase section */
		CFA97A402A08249500C057C4 /* Frameworks */ = {
			isa = PBXFrameworksBuildPhase;
			buildActionMask = 2147483647;
			files = (
				CFA97A512A08252100C057C4 /* UIKit.framework in Frameworks */,
			);
			runOnlyForDeploymentPostprocessing = 0;
		};
		CFA97A572A08271F00C057C4 /* Frameworks */ = {
			isa = PBXFrameworksBuildPhase;
			buildActionMask = 2147483647;
			files = (
			);
			runOnlyForDeploymentPostprocessing = 0;
		};
/* End PBXFrameworksBuildPhase section */

/* Begin PBXGroup section */
		CFA97A392A08249500C057C4 = {
			isa = PBXGroup;
			children = (
				CFA97A452A08249500C057C4 /* UIPinField */,
				CFA97A5B2A08271F00C057C4 /* SampleApp */,
				CFA97A4F2A08252000C057C4 /* Frameworks */,
			);
			sourceTree = "<group>";
		};
		CFA97A452A08249500C057C4 /* UIPinField */ = {
			isa = PBXGroup;
			children = (
				CFA97A732A08288800C057C4 /* UIPinField.h */,
				CFA97A472A08249500C057C4 /* UIPinField.docc */,
				CFA97A522A08255000C057C4 /* UIPinField.swift */,
				CFA97A542A08261F00C057C4 /* NSAttributedString+Size.swift */,
			);
			path = UIPinField;
			sourceTree = "<group>";
		};
		CFA97A4F2A08252000C057C4 /* Frameworks */ = {
			isa = PBXGroup;
			children = (
				CFA97A502A08252000C057C4 /* UIKit.framework */,
			);
			name = Frameworks;
			sourceTree = "<group>";
		};
		CFA97A5B2A08271F00C057C4 /* SampleApp */ = {
			isa = PBXGroup;
			children = (
				CFA97A5C2A08271F00C057C4 /* AppDelegate.swift */,
				CFA97A5E2A08271F00C057C4 /* SceneDelegate.swift */,
				CFA97A602A08271F00C057C4 /* ViewController.swift */,
				CFA97A652A08272100C057C4 /* Assets.xcassets */,
				CFA97A672A08272100C057C4 /* LaunchScreen.storyboard */,
				CFA97A6A2A08272100C057C4 /* Info.plist */,
			);
			path = SampleApp;
			sourceTree = "<group>";
		};
/* End PBXGroup section */

/* Begin PBXHeadersBuildPhase section */
		CFA97A3E2A08249500C057C4 /* Headers */ = {
			isa = PBXHeadersBuildPhase;
			buildActionMask = 2147483647;
			files = (
				CFA97A742A08288800C057C4 /* UIPinField.h in Headers */,
			);
			runOnlyForDeploymentPostprocessing = 0;
		};
/* End PBXHeadersBuildPhase section */

/* Begin PBXNativeTarget section */
		CFA97A422A08249500C057C4 /* UIPinField */ = {
			isa = PBXNativeTarget;
			buildConfigurationList = CFA97A4C2A08249500C057C4 /* Build configuration list for PBXNativeTarget "UIPinField" */;
			buildPhases = (
				CFA97A3E2A08249500C057C4 /* Headers */,
				CFA97A3F2A08249500C057C4 /* Sources */,
				CFA97A402A08249500C057C4 /* Frameworks */,
				CFA97A412A08249500C057C4 /* Resources */,
			);
			buildRules = (
			);
			dependencies = (
			);
			name = UIPinField;
			productName = UIPinField;
			productReference = CFA97A432A08249500C057C4 /* UIPinField.framework */;
			productType = "com.apple.product-type.framework";
		};
		CFA97A592A08271F00C057C4 /* SampleApp */ = {
			isa = PBXNativeTarget;
			buildConfigurationList = CFA97A6B2A08272100C057C4 /* Build configuration list for PBXNativeTarget "SampleApp" */;
			buildPhases = (
				CFA97A562A08271F00C057C4 /* Sources */,
				CFA97A572A08271F00C057C4 /* Frameworks */,
				CFA97A582A08271F00C057C4 /* Resources */,
				CFA97A792A082C6B00C057C4 /* Embed Frameworks */,
			);
			buildRules = (
			);
			dependencies = (
				CFA97A7B2A082D8C00C057C4 /* PBXTargetDependency */,
			);
			name = SampleApp;
			productName = SampleApp;
			productReference = CFA97A5A2A08271F00C057C4 /* SampleApp.app */;
			productType = "com.apple.product-type.application";
		};
/* End PBXNativeTarget section */

/* Begin PBXProject section */
		CFA97A3A2A08249500C057C4 /* Project object */ = {
			isa = PBXProject;
			attributes = {
				BuildIndependentTargetsInParallel = 1;
				LastSwiftUpdateCheck = 1430;
				LastUpgradeCheck = 1430;
				TargetAttributes = {
					CFA97A422A08249500C057C4 = {
						CreatedOnToolsVersion = 14.3;
					};
					CFA97A592A08271F00C057C4 = {
						CreatedOnToolsVersion = 14.3;
					};
				};
			};
			buildConfigurationList = CFA97A3D2A08249500C057C4 /* Build configuration list for PBXProject "UIPinField" */;
			compatibilityVersion = "Xcode 14.0";
			developmentRegion = en;
			hasScannedForEncodings = 0;
			knownRegions = (
				en,
				Base,
			);
			mainGroup = CFA97A392A08249500C057C4;
			productRefGroup = CFA97A392A08249500C057C4;
			projectDirPath = "";
			projectRoot = "";
			targets = (
				CFA97A422A08249500C057C4 /* UIPinField */,
				CFA97A592A08271F00C057C4 /* SampleApp */,
			);
		};
/* End PBXProject section */

/* Begin PBXResourcesBuildPhase section */
		CFA97A412A08249500C057C4 /* Resources */ = {
			isa = PBXResourcesBuildPhase;
			buildActionMask = 2147483647;
			files = (
			);
			runOnlyForDeploymentPostprocessing = 0;
		};
		CFA97A582A08271F00C057C4 /* Resources */ = {
			isa = PBXResourcesBuildPhase;
			buildActionMask = 2147483647;
			files = (
				CFA97A692A08272100C057C4 /* LaunchScreen.storyboard in Resources */,
				CFA97A662A08272100C057C4 /* Assets.xcassets in Resources */,
			);
			runOnlyForDeploymentPostprocessing = 0;
		};
/* End PBXResourcesBuildPhase section */

/* Begin PBXSourcesBuildPhase section */
		CFA97A3F2A08249500C057C4 /* Sources */ = {
			isa = PBXSourcesBuildPhase;
			buildActionMask = 2147483647;
			files = (
				CFA97A532A08255000C057C4 /* UIPinField.swift in Sources */,
				CFA97A552A08261F00C057C4 /* NSAttributedString+Size.swift in Sources */,
				CFA97A482A08249500C057C4 /* UIPinField.docc in Sources */,
			);
			runOnlyForDeploymentPostprocessing = 0;
		};
		CFA97A562A08271F00C057C4 /* Sources */ = {
			isa = PBXSourcesBuildPhase;
			buildActionMask = 2147483647;
			files = (
				CFA97A612A08271F00C057C4 /* ViewController.swift in Sources */,
				CFA97A5D2A08271F00C057C4 /* AppDelegate.swift in Sources */,
				CFA97A5F2A08271F00C057C4 /* SceneDelegate.swift in Sources */,
			);
			runOnlyForDeploymentPostprocessing = 0;
		};
/* End PBXSourcesBuildPhase section */

/* Begin PBXTargetDependency section */
		CFA97A7B2A082D8C00C057C4 /* PBXTargetDependency */ = {
			isa = PBXTargetDependency;
			target = CFA97A422A08249500C057C4 /* UIPinField */;
			targetProxy = CFA97A7A2A082D8C00C057C4 /* PBXContainerItemProxy */;
		};
/* End PBXTargetDependency section */

/* Begin PBXVariantGroup section */
		CFA97A672A08272100C057C4 /* LaunchScreen.storyboard */ = {
			isa = PBXVariantGroup;
			children = (
				CFA97A682A08272100C057C4 /* Base */,
			);
			name = LaunchScreen.storyboard;
			sourceTree = "<group>";
		};
/* End PBXVariantGroup section */

/* Begin XCBuildConfiguration section */
		CFA97A4A2A08249500C057C4 /* Debug */ = {
			isa = XCBuildConfiguration;
			buildSettings = {
				ALWAYS_SEARCH_USER_PATHS = NO;
				CLANG_ANALYZER_NONNULL = YES;
				CLANG_ANALYZER_NUMBER_OBJECT_CONVERSION = YES_AGGRESSIVE;
				CLANG_CXX_LANGUAGE_STANDARD = "gnu++20";
				CLANG_ENABLE_MODULES = YES;
				CLANG_ENABLE_OBJC_ARC = YES;
				CLANG_ENABLE_OBJC_WEAK = YES;
				CLANG_WARN_BLOCK_CAPTURE_AUTORELEASING = YES;
				CLANG_WARN_BOOL_CONVERSION = YES;
				CLANG_WARN_COMMA = YES;
				CLANG_WARN_CONSTANT_CONVERSION = YES;
				CLANG_WARN_DEPRECATED_OBJC_IMPLEMENTATIONS = YES;
				CLANG_WARN_DIRECT_OBJC_ISA_USAGE = YES_ERROR;
				CLANG_WARN_DOCUMENTATION_COMMENTS = YES;
				CLANG_WARN_EMPTY_BODY = YES;
				CLANG_WARN_ENUM_CONVERSION = YES;
				CLANG_WARN_INFINITE_RECURSION = YES;
				CLANG_WARN_INT_CONVERSION = YES;
				CLANG_WARN_NON_LITERAL_NULL_CONVERSION = YES;
				CLANG_WARN_OBJC_IMPLICIT_RETAIN_SELF = YES;
				CLANG_WARN_OBJC_LITERAL_CONVERSION = YES;
				CLANG_WARN_OBJC_ROOT_CLASS = YES_ERROR;
				CLANG_WARN_QUOTED_INCLUDE_IN_FRAMEWORK_HEADER = YES;
				CLANG_WARN_RANGE_LOOP_ANALYSIS = YES;
				CLANG_WARN_STRICT_PROTOTYPES = YES;
				CLANG_WARN_SUSPICIOUS_MOVE = YES;
				CLANG_WARN_UNGUARDED_AVAILABILITY = YES_AGGRESSIVE;
				CLANG_WARN_UNREACHABLE_CODE = YES;
				CLANG_WARN__DUPLICATE_METHOD_MATCH = YES;
				COPY_PHASE_STRIP = NO;
				CURRENT_PROJECT_VERSION = 1;
				DEBUG_INFORMATION_FORMAT = dwarf;
				ENABLE_STRICT_OBJC_MSGSEND = YES;
				ENABLE_TESTABILITY = YES;
				GCC_C_LANGUAGE_STANDARD = gnu11;
				GCC_DYNAMIC_NO_PIC = NO;
				GCC_NO_COMMON_BLOCKS = YES;
				GCC_OPTIMIZATION_LEVEL = 0;
				GCC_PREPROCESSOR_DEFINITIONS = (
					"DEBUG=1",
					"$(inherited)",
				);
				GCC_WARN_64_TO_32_BIT_CONVERSION = YES;
				GCC_WARN_ABOUT_RETURN_TYPE = YES_ERROR;
				GCC_WARN_UNDECLARED_SELECTOR = YES;
				GCC_WARN_UNINITIALIZED_AUTOS = YES_AGGRESSIVE;
				GCC_WARN_UNUSED_FUNCTION = YES;
				GCC_WARN_UNUSED_VARIABLE = YES;
				IPHONEOS_DEPLOYMENT_TARGET = 16.4;
				MTL_ENABLE_DEBUG_INFO = INCLUDE_SOURCE;
				MTL_FAST_MATH = YES;
				ONLY_ACTIVE_ARCH = YES;
				SDKROOT = iphoneos;
				SWIFT_ACTIVE_COMPILATION_CONDITIONS = DEBUG;
				SWIFT_OPTIMIZATION_LEVEL = "-Onone";
				VERSIONING_SYSTEM = "apple-generic";
				VERSION_INFO_PREFIX = "";
			};
			name = Debug;
		};
		CFA97A4B2A08249500C057C4 /* Release */ = {
			isa = XCBuildConfiguration;
			buildSettings = {
				ALWAYS_SEARCH_USER_PATHS = NO;
				CLANG_ANALYZER_NONNULL = YES;
				CLANG_ANALYZER_NUMBER_OBJECT_CONVERSION = YES_AGGRESSIVE;
				CLANG_CXX_LANGUAGE_STANDARD = "gnu++20";
				CLANG_ENABLE_MODULES = YES;
				CLANG_ENABLE_OBJC_ARC = YES;
				CLANG_ENABLE_OBJC_WEAK = YES;
				CLANG_WARN_BLOCK_CAPTURE_AUTORELEASING = YES;
				CLANG_WARN_BOOL_CONVERSION = YES;
				CLANG_WARN_COMMA = YES;
				CLANG_WARN_CONSTANT_CONVERSION = YES;
				CLANG_WARN_DEPRECATED_OBJC_IMPLEMENTATIONS = YES;
				CLANG_WARN_DIRECT_OBJC_ISA_USAGE = YES_ERROR;
				CLANG_WARN_DOCUMENTATION_COMMENTS = YES;
				CLANG_WARN_EMPTY_BODY = YES;
				CLANG_WARN_ENUM_CONVERSION = YES;
				CLANG_WARN_INFINITE_RECURSION = YES;
				CLANG_WARN_INT_CONVERSION = YES;
				CLANG_WARN_NON_LITERAL_NULL_CONVERSION = YES;
				CLANG_WARN_OBJC_IMPLICIT_RETAIN_SELF = YES;
				CLANG_WARN_OBJC_LITERAL_CONVERSION = YES;
				CLANG_WARN_OBJC_ROOT_CLASS = YES_ERROR;
				CLANG_WARN_QUOTED_INCLUDE_IN_FRAMEWORK_HEADER = YES;
				CLANG_WARN_RANGE_LOOP_ANALYSIS = YES;
				CLANG_WARN_STRICT_PROTOTYPES = YES;
				CLANG_WARN_SUSPICIOUS_MOVE = YES;
				CLANG_WARN_UNGUARDED_AVAILABILITY = YES_AGGRESSIVE;
				CLANG_WARN_UNREACHABLE_CODE = YES;
				CLANG_WARN__DUPLICATE_METHOD_MATCH = YES;
				COPY_PHASE_STRIP = NO;
				CURRENT_PROJECT_VERSION = 1;
				DEBUG_INFORMATION_FORMAT = "dwarf-with-dsym";
				ENABLE_NS_ASSERTIONS = NO;
				ENABLE_STRICT_OBJC_MSGSEND = YES;
				GCC_C_LANGUAGE_STANDARD = gnu11;
				GCC_NO_COMMON_BLOCKS = YES;
				GCC_WARN_64_TO_32_BIT_CONVERSION = YES;
				GCC_WARN_ABOUT_RETURN_TYPE = YES_ERROR;
				GCC_WARN_UNDECLARED_SELECTOR = YES;
				GCC_WARN_UNINITIALIZED_AUTOS = YES_AGGRESSIVE;
				GCC_WARN_UNUSED_FUNCTION = YES;
				GCC_WARN_UNUSED_VARIABLE = YES;
				IPHONEOS_DEPLOYMENT_TARGET = 16.4;
				MTL_ENABLE_DEBUG_INFO = NO;
				MTL_FAST_MATH = YES;
				SDKROOT = iphoneos;
				SWIFT_COMPILATION_MODE = wholemodule;
				SWIFT_OPTIMIZATION_LEVEL = "-O";
				VALIDATE_PRODUCT = YES;
				VERSIONING_SYSTEM = "apple-generic";
				VERSION_INFO_PREFIX = "";
			};
			name = Release;
		};
		CFA97A4D2A08249500C057C4 /* Debug */ = {
			isa = XCBuildConfiguration;
			buildSettings = {
				CODE_SIGN_STYLE = Automatic;
				CURRENT_PROJECT_VERSION = 1;
				DEFINES_MODULE = YES;
				DEVELOPMENT_TEAM = 275D4J3Y5L;
				DYLIB_COMPATIBILITY_VERSION = 1;
				DYLIB_CURRENT_VERSION = 1;
				DYLIB_INSTALL_NAME_BASE = "@rpath";
				ENABLE_MODULE_VERIFIER = YES;
				GENERATE_INFOPLIST_FILE = YES;
				INFOPLIST_KEY_NSHumanReadableCopyright = "";
				INSTALL_PATH = "$(LOCAL_LIBRARY_DIR)/Frameworks";
				LD_RUNPATH_SEARCH_PATHS = (
					"$(inherited)",
					"@executable_path/Frameworks",
					"@loader_path/Frameworks",
				);
				MARKETING_VERSION = 1.0;
				MODULE_VERIFIER_SUPPORTED_LANGUAGES = "objective-c objective-c++";
				MODULE_VERIFIER_SUPPORTED_LANGUAGE_STANDARDS = "gnu11 gnu++20";
				PRODUCT_BUNDLE_IDENTIFIER = st235.com.github.UIPinField;
				PRODUCT_NAME = "$(TARGET_NAME:c99extidentifier)";
				SKIP_INSTALL = YES;
				SWIFT_EMIT_LOC_STRINGS = YES;
				SWIFT_VERSION = 5.0;
				TARGETED_DEVICE_FAMILY = "1,2";
			};
			name = Debug;
		};
		CFA97A4E2A08249500C057C4 /* Release */ = {
			isa = XCBuildConfiguration;
			buildSettings = {
				CODE_SIGN_STYLE = Automatic;
				CURRENT_PROJECT_VERSION = 1;
				DEFINES_MODULE = YES;
				DEVELOPMENT_TEAM = 275D4J3Y5L;
				DYLIB_COMPATIBILITY_VERSION = 1;
				DYLIB_CURRENT_VERSION = 1;
				DYLIB_INSTALL_NAME_BASE = "@rpath";
				ENABLE_MODULE_VERIFIER = YES;
				GENERATE_INFOPLIST_FILE = YES;
				INFOPLIST_KEY_NSHumanReadableCopyright = "";
				INSTALL_PATH = "$(LOCAL_LIBRARY_DIR)/Frameworks";
				LD_RUNPATH_SEARCH_PATHS = (
					"$(inherited)",
					"@executable_path/Frameworks",
					"@loader_path/Frameworks",
				);
				MARKETING_VERSION = 1.0;
				MODULE_VERIFIER_SUPPORTED_LANGUAGES = "objective-c objective-c++";
				MODULE_VERIFIER_SUPPORTED_LANGUAGE_STANDARDS = "gnu11 gnu++20";
				PRODUCT_BUNDLE_IDENTIFIER = st235.com.github.UIPinField;
				PRODUCT_NAME = "$(TARGET_NAME:c99extidentifier)";
				SKIP_INSTALL = YES;
				SWIFT_EMIT_LOC_STRINGS = YES;
				SWIFT_VERSION = 5.0;
				TARGETED_DEVICE_FAMILY = "1,2";
			};
			name = Release;
		};
		CFA97A6C2A08272100C057C4 /* Debug */ = {
			isa = XCBuildConfiguration;
			buildSettings = {
				ASSETCATALOG_COMPILER_APPICON_NAME = AppIcon;
				ASSETCATALOG_COMPILER_GLOBAL_ACCENT_COLOR_NAME = AccentColor;
				CODE_SIGN_STYLE = Automatic;
				CURRENT_PROJECT_VERSION = 1;
				DEVELOPMENT_TEAM = 275D4J3Y5L;
				GENERATE_INFOPLIST_FILE = YES;
				INFOPLIST_FILE = SampleApp/Info.plist;
				INFOPLIST_KEY_UIApplicationSupportsIndirectInputEvents = YES;
				INFOPLIST_KEY_UILaunchStoryboardName = LaunchScreen;
				INFOPLIST_KEY_UISupportedInterfaceOrientations_iPad = "UIInterfaceOrientationPortrait UIInterfaceOrientationPortraitUpsideDown UIInterfaceOrientationLandscapeLeft UIInterfaceOrientationLandscapeRight";
				INFOPLIST_KEY_UISupportedInterfaceOrientations_iPhone = "UIInterfaceOrientationPortrait UIInterfaceOrientationLandscapeLeft UIInterfaceOrientationLandscapeRight";
				LD_RUNPATH_SEARCH_PATHS = (
					"$(inherited)",
					"@executable_path/Frameworks",
				);
				MARKETING_VERSION = 1.0;
				PRODUCT_BUNDLE_IDENTIFIER = st235.com.github.SampleApp;
				PRODUCT_NAME = "$(TARGET_NAME)";
				SWIFT_EMIT_LOC_STRINGS = YES;
				SWIFT_VERSION = 5.0;
				TARGETED_DEVICE_FAMILY = "1,2";
			};
			name = Debug;
		};
		CFA97A6D2A08272100C057C4 /* Release */ = {
			isa = XCBuildConfiguration;
			buildSettings = {
				ASSETCATALOG_COMPILER_APPICON_NAME = AppIcon;
				ASSETCATALOG_COMPILER_GLOBAL_ACCENT_COLOR_NAME = AccentColor;
				CODE_SIGN_STYLE = Automatic;
				CURRENT_PROJECT_VERSION = 1;
				DEVELOPMENT_TEAM = 275D4J3Y5L;
				GENERATE_INFOPLIST_FILE = YES;
				INFOPLIST_FILE = SampleApp/Info.plist;
				INFOPLIST_KEY_UIApplicationSupportsIndirectInputEvents = YES;
				INFOPLIST_KEY_UILaunchStoryboardName = LaunchScreen;
				INFOPLIST_KEY_UISupportedInterfaceOrientations_iPad = "UIInterfaceOrientationPortrait UIInterfaceOrientationPortraitUpsideDown UIInterfaceOrientationLandscapeLeft UIInterfaceOrientationLandscapeRight";
				INFOPLIST_KEY_UISupportedInterfaceOrientations_iPhone = "UIInterfaceOrientationPortrait UIInterfaceOrientationLandscapeLeft UIInterfaceOrientationLandscapeRight";
				LD_RUNPATH_SEARCH_PATHS = (
					"$(inherited)",
					"@executable_path/Frameworks",
				);
				MARKETING_VERSION = 1.0;
				PRODUCT_BUNDLE_IDENTIFIER = st235.com.github.SampleApp;
				PRODUCT_NAME = "$(TARGET_NAME)";
				SWIFT_EMIT_LOC_STRINGS = YES;
				SWIFT_VERSION = 5.0;
				TARGETED_DEVICE_FAMILY = "1,2";
			};
			name = Release;
		};
/* End XCBuildConfiguration section */

/* Begin XCConfigurationList section */
		CFA97A3D2A08249500C057C4 /* Build configuration list for PBXProject "UIPinField" */ = {
			isa = XCConfigurationList;
			buildConfigurations = (
				CFA97A4A2A08249500C057C4 /* Debug */,
				CFA97A4B2A08249500C057C4 /* Release */,
			);
			defaultConfigurationIsVisible = 0;
			defaultConfigurationName = Release;
		};
		CFA97A4C2A08249500C057C4 /* Build configuration list for PBXNativeTarget "UIPinField" */ = {
			isa = XCConfigurationList;
			buildConfigurations = (
				CFA97A4D2A08249500C057C4 /* Debug */,
				CFA97A4E2A08249500C057C4 /* Release */,
			);
			defaultConfigurationIsVisible = 0;
			defaultConfigurationName = Release;
		};
		CFA97A6B2A08272100C057C4 /* Build configuration list for PBXNativeTarget "SampleApp" */ = {
			isa = XCConfigurationList;
			buildConfigurations = (
				CFA97A6C2A08272100C057C4 /* Debug */,
				CFA97A6D2A08272100C057C4 /* Release */,
			);
			defaultConfigurationIsVisible = 0;
			defaultConfigurationName = Release;
		};
/* End XCConfigurationList section */
	};
	rootObject = CFA97A3A2A08249500C057C4 /* Project object */;
}
